
Microsoft Visual Studio Solution File, Format Version 12.00
# Visual Studio Version 17
VisualStudioVersion = 17.11.35327.3
MinimumVisualStudioVersion = 10.0.40219.1
Project("{8BC9CEB8-8B4A-11D0-8D11-00A0C91BC942}") = "Sandbox", "Sandbox\Sandbox.vcxproj", "{356C50FF-C54C-48A4-A3A5-B1655FF0F281}"
EndProject
Project("{8BC9CEB8-8B4A-11D0-8D11-00A0C91BC942}") = "CazelEngine", "CazelEngine\CazelEngine.vcxproj", "{2B217286-2365-42CA-9E06-4F5F16E7C7E4}"
EndProject
Global
	GlobalSection(SolutionConfigurationPlatforms) = preSolution
		Debug|x64 = Debug|x64
		Release|x64 = Release|x64
	EndGlobalSection
	GlobalSection(ProjectConfigurationPlatforms) = postSolution
		{2B217286-2365-42CA-9E06-4F5F16E7C7E4}.Debug|x64.ActiveCfg = Debug|x64
		{2B217286-2365-42CA-9E06-4F5F16E7C7E4}.Debug|x64.Build.0 = Debug|x64
		{2B217286-2365-42CA-9E06-4F5F16E7C7E4}.Release|x64.ActiveCfg = Release|x64
		{2B217286-2365-42CA-9E06-4F5F16E7C7E4}.Release|x64.Build.0 = Release|x64
		{356C50FF-C54C-48A4-A3A5-B1655FF0F281}.Debug|x64.ActiveCfg = Debug|x64
		{356C50FF-C54C-48A4-A3A5-B1655FF0F281}.Debug|x64.Build.0 = Debug|x64
		{356C50FF-C54C-48A4-A3A5-B1655FF0F281}.Release|x64.ActiveCfg = Release|x64
		{356C50FF-C54C-48A4-A3A5-B1655FF0F281}.Release|x64.Build.0 = Release|x64
	EndGlobalSection
	GlobalSection(SolutionProperties) = preSolution
		HideSolutionNode = FALSE
	EndGlobalSection
	GlobalSection(ExtensibilityGlobals) = postSolution
		SolutionGuid = {56934252-C85E-45DC-A787-802895120EC6}
	EndGlobalSection
EndGlobal
